# Code generated by scarb DO NOT EDIT.
version = 1

[[package]]
name = "ekubo"
version = "0.1.0"
source = "git+https://github.com/ekuboprotocol/abis#61d6c27e69cd355543aff5f6d16822e4517d9604"

[[package]]
name = "ekubo_rb"
version = "0.1.0"
dependencies = [
 "ekubo",
 "snforge_std",
]

[[package]]
name = "snforge_scarb_plugin"
version = "0.1.0"
source = "git+https://github.com/foundry-rs/starknet-foundry#6b41faf806a204594de8ffc80f9d94931238c2b9"

[[package]]
name = "snforge_std"
version = "0.27.0"
source = "git+https://github.com/foundry-rs/starknet-foundry#6b41faf806a204594de8ffc80f9d94931238c2b9"
dependencies = [
 "snforge_scarb_plugin",
]
