# Code generated by scarb DO NOT EDIT.
version = 1

[[package]]
name = "ekubo"
version = "0.1.0"
source = "git+https://github.com/ekuboprotocol/abis#05bca296a02f2ae4e38bd64acc6a68e6de72c424"

[[package]]
name = "ekubo_rb"
version = "0.1.0"
dependencies = [
 "ekubo",
 "snforge_std",
]

[[package]]
name = "snforge_scarb_plugin"
version = "0.1.0"
source = "git+https://github.com/foundry-rs/starknet-foundry#f3d802d425e9a2555e060634cc916ff824752597"

[[package]]
name = "snforge_std"
version = "0.27.0"
source = "git+https://github.com/foundry-rs/starknet-foundry#f3d802d425e9a2555e060634cc916ff824752597"
dependencies = [
 "snforge_scarb_plugin",
]
